
Microsoft Visual Studio Solution File, Format Version 12.00
Project("{FAE04EC0-301F-11D3-BF4B-00C04F79EFBC}") = "Task_1", "Task_1\Task_1.csproj", "{51DF550D-C349-4156-A2F4-6956103C251B}"
EndProject
Project("{FAE04EC0-301F-11D3-BF4B-00C04F79EFBC}") = "Task_2", "Task_2\Task_2.csproj", "{5931A143-9975-432D-A6B4-53C3F9572CAD}"
EndProject
Project("{FAE04EC0-301F-11D3-BF4B-00C04F79EFBC}") = "Task_3", "Task_3\Task_3.csproj", "{992D2D16-EABA-45E2-B71D-EFE15FB6D131}"
EndProject
Project("{FAE04EC0-301F-11D3-BF4B-00C04F79EFBC}") = "Task_5", "Task_5\Task_5.csproj", "{93BA47B2-3ABB-4A4A-B402-B180194D3AF1}"
EndProject
Project("{FAE04EC0-301F-11D3-BF4B-00C04F79EFBC}") = "Task_4", "Task_4\Task_4.csproj", "{9944A9DE-3859-451A-B3B7-4E588224352A}"
EndProject
Project("{FAE04EC0-301F-11D3-BF4B-00C04F79EFBC}") = "Task_6", "Task_6\Task_6.csproj", "{9A1CE8DD-28EC-4C7B-9D0B-B1EF938EAFAB}"
EndProject
Project("{FAE04EC0-301F-11D3-BF4B-00C04F79EFBC}") = "Task_7", "Task_7\Task_7.csproj", "{7B2080D9-4237-426D-8A86-238640382C8B}"
EndProject
Project("{FAE04EC0-301F-11D3-BF4B-00C04F79EFBC}") = "Task_8", "Task_8\Task_8.csproj", "{6C61FCBE-A426-416C-87B8-53CB0FDB2F61}"
EndProject
Project("{FAE04EC0-301F-11D3-BF4B-00C04F79EFBC}") = "Task_9", "Task_9\Task_9.csproj", "{65C3BF59-BE31-4228-A584-CD189AC5E5BD}"
EndProject
Project("{FAE04EC0-301F-11D3-BF4B-00C04F79EFBC}") = "Task_10", "Task_10\Task_10.csproj", "{773E8D69-7C87-45B1-BF3B-F0BFFD3136FC}"
EndProject
Global
	GlobalSection(SolutionConfigurationPlatforms) = preSolution
		Debug|Any CPU = Debug|Any CPU
		Release|Any CPU = Release|Any CPU
	EndGlobalSection
	GlobalSection(ProjectConfigurationPlatforms) = postSolution
		{51DF550D-C349-4156-A2F4-6956103C251B}.Debug|Any CPU.ActiveCfg = Debug|Any CPU
		{51DF550D-C349-4156-A2F4-6956103C251B}.Debug|Any CPU.Build.0 = Debug|Any CPU
		{51DF550D-C349-4156-A2F4-6956103C251B}.Release|Any CPU.ActiveCfg = Release|Any CPU
		{51DF550D-C349-4156-A2F4-6956103C251B}.Release|Any CPU.Build.0 = Release|Any CPU
		{5931A143-9975-432D-A6B4-53C3F9572CAD}.Debug|Any CPU.ActiveCfg = Debug|Any CPU
		{5931A143-9975-432D-A6B4-53C3F9572CAD}.Debug|Any CPU.Build.0 = Debug|Any CPU
		{5931A143-9975-432D-A6B4-53C3F9572CAD}.Release|Any CPU.ActiveCfg = Release|Any CPU
		{5931A143-9975-432D-A6B4-53C3F9572CAD}.Release|Any CPU.Build.0 = Release|Any CPU
		{992D2D16-EABA-45E2-B71D-EFE15FB6D131}.Debug|Any CPU.ActiveCfg = Debug|Any CPU
		{992D2D16-EABA-45E2-B71D-EFE15FB6D131}.Debug|Any CPU.Build.0 = Debug|Any CPU
		{992D2D16-EABA-45E2-B71D-EFE15FB6D131}.Release|Any CPU.ActiveCfg = Release|Any CPU
		{992D2D16-EABA-45E2-B71D-EFE15FB6D131}.Release|Any CPU.Build.0 = Release|Any CPU
		{93BA47B2-3ABB-4A4A-B402-B180194D3AF1}.Debug|Any CPU.ActiveCfg = Debug|Any CPU
		{93BA47B2-3ABB-4A4A-B402-B180194D3AF1}.Debug|Any CPU.Build.0 = Debug|Any CPU
		{93BA47B2-3ABB-4A4A-B402-B180194D3AF1}.Release|Any CPU.ActiveCfg = Release|Any CPU
		{93BA47B2-3ABB-4A4A-B402-B180194D3AF1}.Release|Any CPU.Build.0 = Release|Any CPU
		{9944A9DE-3859-451A-B3B7-4E588224352A}.Debug|Any CPU.ActiveCfg = Debug|Any CPU
		{9944A9DE-3859-451A-B3B7-4E588224352A}.Debug|Any CPU.Build.0 = Debug|Any CPU
		{9944A9DE-3859-451A-B3B7-4E588224352A}.Release|Any CPU.ActiveCfg = Release|Any CPU
		{9944A9DE-3859-451A-B3B7-4E588224352A}.Release|Any CPU.Build.0 = Release|Any CPU
		{9A1CE8DD-28EC-4C7B-9D0B-B1EF938EAFAB}.Debug|Any CPU.ActiveCfg = Debug|Any CPU
		{9A1CE8DD-28EC-4C7B-9D0B-B1EF938EAFAB}.Debug|Any CPU.Build.0 = Debug|Any CPU
		{9A1CE8DD-28EC-4C7B-9D0B-B1EF938EAFAB}.Release|Any CPU.ActiveCfg = Release|Any CPU
		{9A1CE8DD-28EC-4C7B-9D0B-B1EF938EAFAB}.Release|Any CPU.Build.0 = Release|Any CPU
		{7B2080D9-4237-426D-8A86-238640382C8B}.Debug|Any CPU.ActiveCfg = Debug|Any CPU
		{7B2080D9-4237-426D-8A86-238640382C8B}.Debug|Any CPU.Build.0 = Debug|Any CPU
		{7B2080D9-4237-426D-8A86-238640382C8B}.Release|Any CPU.ActiveCfg = Release|Any CPU
		{7B2080D9-4237-426D-8A86-238640382C8B}.Release|Any CPU.Build.0 = Release|Any CPU
		{6C61FCBE-A426-416C-87B8-53CB0FDB2F61}.Debug|Any CPU.ActiveCfg = Debug|Any CPU
		{6C61FCBE-A426-416C-87B8-53CB0FDB2F61}.Debug|Any CPU.Build.0 = Debug|Any CPU
		{6C61FCBE-A426-416C-87B8-53CB0FDB2F61}.Release|Any CPU.ActiveCfg = Release|Any CPU
		{6C61FCBE-A426-416C-87B8-53CB0FDB2F61}.Release|Any CPU.Build.0 = Release|Any CPU
		{65C3BF59-BE31-4228-A584-CD189AC5E5BD}.Debug|Any CPU.ActiveCfg = Debug|Any CPU
		{65C3BF59-BE31-4228-A584-CD189AC5E5BD}.Debug|Any CPU.Build.0 = Debug|Any CPU
		{65C3BF59-BE31-4228-A584-CD189AC5E5BD}.Release|Any CPU.ActiveCfg = Release|Any CPU
		{65C3BF59-BE31-4228-A584-CD189AC5E5BD}.Release|Any CPU.Build.0 = Release|Any CPU
		{773E8D69-7C87-45B1-BF3B-F0BFFD3136FC}.Debug|Any CPU.ActiveCfg = Debug|Any CPU
		{773E8D69-7C87-45B1-BF3B-F0BFFD3136FC}.Debug|Any CPU.Build.0 = Debug|Any CPU
		{773E8D69-7C87-45B1-BF3B-F0BFFD3136FC}.Release|Any CPU.ActiveCfg = Release|Any CPU
		{773E8D69-7C87-45B1-BF3B-F0BFFD3136FC}.Release|Any CPU.Build.0 = Release|Any CPU
	EndGlobalSection
EndGlobal
