
Microsoft Visual Studio Solution File, Format Version 12.00
Project("{FAE04EC0-301F-11D3-BF4B-00C04F79EFBC}") = "Task_2", "Task_2\Task_2.csproj", "{20EC1C6F-3087-4C13-8249-417E68BA8F77}"
EndProject
Project("{FAE04EC0-301F-11D3-BF4B-00C04F79EFBC}") = "Task_3_1", "Task_3_1\Task_3_1.csproj", "{E8199FBF-E1B1-48C6-8578-3EF407E7C9C0}"
EndProject
Project("{FAE04EC0-301F-11D3-BF4B-00C04F79EFBC}") = "Task_1", "Task_1\Task_1.csproj", "{2B30AEC0-0955-4517-B1C5-E6C19BBD8C8A}"
EndProject
Project("{FAE04EC0-301F-11D3-BF4B-00C04F79EFBC}") = "Task_3_2", "Task_3_2\Task_3_2.csproj", "{E7392B69-3DE7-44DB-A1F5-F68E2D173AF3}"
EndProject
Project("{FAE04EC0-301F-11D3-BF4B-00C04F79EFBC}") = "Task_3_3", "Task_3_3\Task_3_3.csproj", "{27B9E213-BA9D-4FDE-B78C-5A89C69DF533}"
EndProject
Project("{FAE04EC0-301F-11D3-BF4B-00C04F79EFBC}") = "Task_4", "Task_4\Task_4.csproj", "{151FBFFD-F041-4E1E-8121-DE94284087F9}"
EndProject
Project("{FAE04EC0-301F-11D3-BF4B-00C04F79EFBC}") = "Task_5", "Task_5\Task_5.csproj", "{E6D1777A-7983-4E12-B194-61EF25AF21E5}"
EndProject
Project("{FAE04EC0-301F-11D3-BF4B-00C04F79EFBC}") = "Task_6", "Task_6\Task_6.csproj", "{B6F56A52-AAF2-4890-BF0D-1CD42223F4C9}"
EndProject
Project("{FAE04EC0-301F-11D3-BF4B-00C04F79EFBC}") = "Task_7", "Task_7\Task_7.csproj", "{180C9962-87C8-4141-A7D8-DBA304DAFB62}"
EndProject
Global
	GlobalSection(SolutionConfigurationPlatforms) = preSolution
		Debug|Any CPU = Debug|Any CPU
		Release|Any CPU = Release|Any CPU
	EndGlobalSection
	GlobalSection(ProjectConfigurationPlatforms) = postSolution
		{20EC1C6F-3087-4C13-8249-417E68BA8F77}.Debug|Any CPU.ActiveCfg = Debug|Any CPU
		{20EC1C6F-3087-4C13-8249-417E68BA8F77}.Debug|Any CPU.Build.0 = Debug|Any CPU
		{20EC1C6F-3087-4C13-8249-417E68BA8F77}.Release|Any CPU.ActiveCfg = Release|Any CPU
		{20EC1C6F-3087-4C13-8249-417E68BA8F77}.Release|Any CPU.Build.0 = Release|Any CPU
		{E8199FBF-E1B1-48C6-8578-3EF407E7C9C0}.Debug|Any CPU.ActiveCfg = Debug|Any CPU
		{E8199FBF-E1B1-48C6-8578-3EF407E7C9C0}.Debug|Any CPU.Build.0 = Debug|Any CPU
		{E8199FBF-E1B1-48C6-8578-3EF407E7C9C0}.Release|Any CPU.ActiveCfg = Release|Any CPU
		{E8199FBF-E1B1-48C6-8578-3EF407E7C9C0}.Release|Any CPU.Build.0 = Release|Any CPU
		{2B30AEC0-0955-4517-B1C5-E6C19BBD8C8A}.Debug|Any CPU.ActiveCfg = Debug|Any CPU
		{2B30AEC0-0955-4517-B1C5-E6C19BBD8C8A}.Debug|Any CPU.Build.0 = Debug|Any CPU
		{2B30AEC0-0955-4517-B1C5-E6C19BBD8C8A}.Release|Any CPU.ActiveCfg = Release|Any CPU
		{2B30AEC0-0955-4517-B1C5-E6C19BBD8C8A}.Release|Any CPU.Build.0 = Release|Any CPU
		{E7392B69-3DE7-44DB-A1F5-F68E2D173AF3}.Debug|Any CPU.ActiveCfg = Debug|Any CPU
		{E7392B69-3DE7-44DB-A1F5-F68E2D173AF3}.Debug|Any CPU.Build.0 = Debug|Any CPU
		{E7392B69-3DE7-44DB-A1F5-F68E2D173AF3}.Release|Any CPU.ActiveCfg = Release|Any CPU
		{E7392B69-3DE7-44DB-A1F5-F68E2D173AF3}.Release|Any CPU.Build.0 = Release|Any CPU
		{27B9E213-BA9D-4FDE-B78C-5A89C69DF533}.Debug|Any CPU.ActiveCfg = Debug|Any CPU
		{27B9E213-BA9D-4FDE-B78C-5A89C69DF533}.Debug|Any CPU.Build.0 = Debug|Any CPU
		{27B9E213-BA9D-4FDE-B78C-5A89C69DF533}.Release|Any CPU.ActiveCfg = Release|Any CPU
		{27B9E213-BA9D-4FDE-B78C-5A89C69DF533}.Release|Any CPU.Build.0 = Release|Any CPU
		{151FBFFD-F041-4E1E-8121-DE94284087F9}.Debug|Any CPU.ActiveCfg = Debug|Any CPU
		{151FBFFD-F041-4E1E-8121-DE94284087F9}.Debug|Any CPU.Build.0 = Debug|Any CPU
		{151FBFFD-F041-4E1E-8121-DE94284087F9}.Release|Any CPU.ActiveCfg = Release|Any CPU
		{151FBFFD-F041-4E1E-8121-DE94284087F9}.Release|Any CPU.Build.0 = Release|Any CPU
		{E6D1777A-7983-4E12-B194-61EF25AF21E5}.Debug|Any CPU.ActiveCfg = Debug|Any CPU
		{E6D1777A-7983-4E12-B194-61EF25AF21E5}.Debug|Any CPU.Build.0 = Debug|Any CPU
		{E6D1777A-7983-4E12-B194-61EF25AF21E5}.Release|Any CPU.ActiveCfg = Release|Any CPU
		{E6D1777A-7983-4E12-B194-61EF25AF21E5}.Release|Any CPU.Build.0 = Release|Any CPU
		{B6F56A52-AAF2-4890-BF0D-1CD42223F4C9}.Debug|Any CPU.ActiveCfg = Debug|Any CPU
		{B6F56A52-AAF2-4890-BF0D-1CD42223F4C9}.Debug|Any CPU.Build.0 = Debug|Any CPU
		{B6F56A52-AAF2-4890-BF0D-1CD42223F4C9}.Release|Any CPU.ActiveCfg = Release|Any CPU
		{B6F56A52-AAF2-4890-BF0D-1CD42223F4C9}.Release|Any CPU.Build.0 = Release|Any CPU
		{180C9962-87C8-4141-A7D8-DBA304DAFB62}.Debug|Any CPU.ActiveCfg = Debug|Any CPU
		{180C9962-87C8-4141-A7D8-DBA304DAFB62}.Debug|Any CPU.Build.0 = Debug|Any CPU
		{180C9962-87C8-4141-A7D8-DBA304DAFB62}.Release|Any CPU.ActiveCfg = Release|Any CPU
		{180C9962-87C8-4141-A7D8-DBA304DAFB62}.Release|Any CPU.Build.0 = Release|Any CPU
	EndGlobalSection
EndGlobal
